
Microsoft Visual Studio Solution File, Format Version 12.00
# Visual Studio 15
VisualStudioVersion = 15.0.28307.852
MinimumVisualStudioVersion = 10.0.40219.1
Project("{FAE04EC0-301F-11D3-BF4B-00C04F79EFBC}") = "Assignment1", "Assignment1\Assignment1.csproj", "{96946A70-1ADE-49C4-88F8-0C91871A9355}"
EndProject
Project("{FAE04EC0-301F-11D3-BF4B-00C04F79EFBC}") = "Assignment7", "Assignment7\Assignment7.csproj", "{E6C7EC30-3B3E-45AF-9988-C99A60B773E3}"
EndProject
Project("{FAE04EC0-301F-11D3-BF4B-00C04F79EFBC}") = "Assignment2", "Assignment2\Assignment2.csproj", "{B110746E-44BB-40A4-825F-F6BBF5B92F29}"
EndProject
Project("{FAE04EC0-301F-11D3-BF4B-00C04F79EFBC}") = "Assignment4", "Assignment4\Assignment4.csproj", "{1472327E-0330-428C-853D-6DBC6307C2BF}"
EndProject
Project("{FAE04EC0-301F-11D3-BF4B-00C04F79EFBC}") = "Assignment5", "Assignment5\Assignment5.csproj", "{6D76EE3D-261C-424B-9251-219394B1FDEB}"
EndProject
Project("{FAE04EC0-301F-11D3-BF4B-00C04F79EFBC}") = "Assignment6", "Assignment6\Assignment6.csproj", "{36511017-3884-4905-BDA3-A4C6ACDCFC3C}"
EndProject
Global
	GlobalSection(SolutionConfigurationPlatforms) = preSolution
		Debug|Any CPU = Debug|Any CPU
		Release|Any CPU = Release|Any CPU
	EndGlobalSection
	GlobalSection(ProjectConfigurationPlatforms) = postSolution
		{96946A70-1ADE-49C4-88F8-0C91871A9355}.Debug|Any CPU.ActiveCfg = Debug|Any CPU
		{96946A70-1ADE-49C4-88F8-0C91871A9355}.Debug|Any CPU.Build.0 = Debug|Any CPU
		{96946A70-1ADE-49C4-88F8-0C91871A9355}.Release|Any CPU.ActiveCfg = Release|Any CPU
		{96946A70-1ADE-49C4-88F8-0C91871A9355}.Release|Any CPU.Build.0 = Release|Any CPU
		{E6C7EC30-3B3E-45AF-9988-C99A60B773E3}.Debug|Any CPU.ActiveCfg = Debug|Any CPU
		{E6C7EC30-3B3E-45AF-9988-C99A60B773E3}.Debug|Any CPU.Build.0 = Debug|Any CPU
		{E6C7EC30-3B3E-45AF-9988-C99A60B773E3}.Release|Any CPU.ActiveCfg = Release|Any CPU
		{E6C7EC30-3B3E-45AF-9988-C99A60B773E3}.Release|Any CPU.Build.0 = Release|Any CPU
		{B110746E-44BB-40A4-825F-F6BBF5B92F29}.Debug|Any CPU.ActiveCfg = Debug|Any CPU
		{B110746E-44BB-40A4-825F-F6BBF5B92F29}.Debug|Any CPU.Build.0 = Debug|Any CPU
		{B110746E-44BB-40A4-825F-F6BBF5B92F29}.Release|Any CPU.ActiveCfg = Release|Any CPU
		{B110746E-44BB-40A4-825F-F6BBF5B92F29}.Release|Any CPU.Build.0 = Release|Any CPU
		{1472327E-0330-428C-853D-6DBC6307C2BF}.Debug|Any CPU.ActiveCfg = Debug|Any CPU
		{1472327E-0330-428C-853D-6DBC6307C2BF}.Debug|Any CPU.Build.0 = Debug|Any CPU
		{1472327E-0330-428C-853D-6DBC6307C2BF}.Release|Any CPU.ActiveCfg = Release|Any CPU
		{1472327E-0330-428C-853D-6DBC6307C2BF}.Release|Any CPU.Build.0 = Release|Any CPU
		{6D76EE3D-261C-424B-9251-219394B1FDEB}.Debug|Any CPU.ActiveCfg = Debug|Any CPU
		{6D76EE3D-261C-424B-9251-219394B1FDEB}.Debug|Any CPU.Build.0 = Debug|Any CPU
		{6D76EE3D-261C-424B-9251-219394B1FDEB}.Release|Any CPU.ActiveCfg = Release|Any CPU
		{6D76EE3D-261C-424B-9251-219394B1FDEB}.Release|Any CPU.Build.0 = Release|Any CPU
		{36511017-3884-4905-BDA3-A4C6ACDCFC3C}.Debug|Any CPU.ActiveCfg = Debug|Any CPU
		{36511017-3884-4905-BDA3-A4C6ACDCFC3C}.Debug|Any CPU.Build.0 = Debug|Any CPU
		{36511017-3884-4905-BDA3-A4C6ACDCFC3C}.Release|Any CPU.ActiveCfg = Release|Any CPU
		{36511017-3884-4905-BDA3-A4C6ACDCFC3C}.Release|Any CPU.Build.0 = Release|Any CPU
	EndGlobalSection
	GlobalSection(SolutionProperties) = preSolution
		HideSolutionNode = FALSE
	EndGlobalSection
	GlobalSection(ExtensibilityGlobals) = postSolution
		SolutionGuid = {32CFB61F-AA0A-4237-9EF1-ECE86C4A2C69}
	EndGlobalSection
EndGlobal
